
Microsoft Visual Studio Solution File, Format Version 12.00
# Visual Studio Version 17
VisualStudioVersion = 17.6.33717.318
MinimumVisualStudioVersion = 10.0.40219.1
Project("{9A19103F-16F7-4668-BE54-9A1E7A4F7556}") = "ReSharper", "ReSharper\ReSharper.csproj", "{B3241BBC-9AD6-4AC5-BE2D-1D1643225284}"
EndProject
Project("{FAE04EC0-301F-11D3-BF4B-00C04F79EFBC}") = "ConfigFile", "ConfigFile\ConfigFile.csproj", "{99F65090-F102-43F3-91A0-12C20C9482B7}"
EndProject
Project("{2150E333-8FDC-42A3-9474-1A3956D46DE8}") = "TaskToSignAssembly", "TaskToSignAssembly", "{C27D8C68-2FD3-4384-9374-8A3DBB173C62}"
EndProject
Project("{FAE04EC0-301F-11D3-BF4B-00C04F79EFBC}") = "Library", "Library\Library.csproj", "{E8DC2748-3BF0-43BF-87BA-986631DA2EAC}"
EndProject
Project("{FAE04EC0-301F-11D3-BF4B-00C04F79EFBC}") = "MyProgram", "MyProgram\MyProgram.csproj", "{D17AA35E-4791-48A9-B85E-9101A180E721}"
EndProject
Project("{9A19103F-16F7-4668-BE54-9A1E7A4F7556}") = "BuildEvents", "BuildEvents\BuildEvents.csproj", "{456EC7C8-D9A7-473A-989A-EA12CF1FE897}"
EndProject
Project("{9A19103F-16F7-4668-BE54-9A1E7A4F7556}") = "ConditionalCompilation", "ConditionalCompilation\ConditionalCompilation.csproj", "{231E5F37-F1D9-4B5F-8C26-FC9AFC8A862D}"
EndProject
Project("{9A19103F-16F7-4668-BE54-9A1E7A4F7556}") = "Excel", "Excel\Excel.csproj", "{CD798786-C190-4AF7-87D1-8807661EFAA8}"
EndProject
Project("{9A19103F-16F7-4668-BE54-9A1E7A4F7556}") = "JsonCountries", "JsonCountries\JsonCountries.csproj", "{EAF20E9C-5535-4B69-A69E-BC2B8594B724}"
EndProject
Project("{2150E333-8FDC-42A3-9474-1A3956D46DE8}") = "Tests", "Tests", "{4D78C9CC-ED1C-4656-AA87-220027DED0C2}"
EndProject
Project("{9A19103F-16F7-4668-BE54-9A1E7A4F7556}") = "Vector.Tests", "Vector.Tests\Vector.Tests.csproj", "{24FF342F-CAC7-431F-B43D-52E84900EB15}"
EndProject
Project("{9A19103F-16F7-4668-BE54-9A1E7A4F7556}") = "VectorTask", "VectorTask\VectorTask.csproj", "{C75874ED-96AE-4D97-9BB2-D011C7CCDEE7}"
EndProject
Project("{FAE04EC0-301F-11D3-BF4B-00C04F79EFBC}") = "NumbersDivision", "NumbersDivision\NumbersDivision.csproj", "{86127D88-7E48-49C4-83A5-89B693FF476E}"
EndProject
Project("{9A19103F-16F7-4668-BE54-9A1E7A4F7556}") = "AdoNet", "AdoNet\AdoNet.csproj", "{18247802-4537-4249-93F8-0824D3EBBAC6}"
EndProject
Project("{9A19103F-16F7-4668-BE54-9A1E7A4F7556}") = "Transactions", "Transactions\Transactions.csproj", "{0BD861DC-4D6B-483E-AA6B-E5F70D9A7ECE}"
EndProject
Project("{9A19103F-16F7-4668-BE54-9A1E7A4F7556}") = "ShopEf", "ShopEf\ShopEf.csproj", "{4668F8C1-535B-4743-8085-1E7D86D0899A}"
EndProject
Project("{9A19103F-16F7-4668-BE54-9A1E7A4F7556}") = "Migrations", "Migrations\Migrations.csproj", "{C983DA67-05FF-4296-A2E4-0C52506E0F2B}"
EndProject
Project("{9A19103F-16F7-4668-BE54-9A1E7A4F7556}") = "WorkUnit", "WorkUnit\WorkUnit.csproj", "{8CD70F7C-30EF-467A-94ED-62E14E72E120}"
EndProject
Project("{2150E333-8FDC-42A3-9474-1A3956D46DE8}") = "PhoneBookWebsite", "PhoneBookWebsite", "{FEE266AE-AF1B-4E85-BC50-A899EBBD92E9}"
EndProject
Project("{9A19103F-16F7-4668-BE54-9A1E7A4F7556}") = "PhoneBook", "PhoneBook\PhoneBook.csproj", "{242D09A4-E2E1-4E67-9AB3-C0312A97001E}"
EndProject
Global
	GlobalSection(SolutionConfigurationPlatforms) = preSolution
		Debug|Any CPU = Debug|Any CPU
		Release|Any CPU = Release|Any CPU
	EndGlobalSection
	GlobalSection(ProjectConfigurationPlatforms) = postSolution
		{B3241BBC-9AD6-4AC5-BE2D-1D1643225284}.Debug|Any CPU.ActiveCfg = Debug|Any CPU
		{B3241BBC-9AD6-4AC5-BE2D-1D1643225284}.Debug|Any CPU.Build.0 = Debug|Any CPU
		{B3241BBC-9AD6-4AC5-BE2D-1D1643225284}.Release|Any CPU.ActiveCfg = Release|Any CPU
		{B3241BBC-9AD6-4AC5-BE2D-1D1643225284}.Release|Any CPU.Build.0 = Release|Any CPU
		{99F65090-F102-43F3-91A0-12C20C9482B7}.Debug|Any CPU.ActiveCfg = Debug|Any CPU
		{99F65090-F102-43F3-91A0-12C20C9482B7}.Debug|Any CPU.Build.0 = Debug|Any CPU
		{99F65090-F102-43F3-91A0-12C20C9482B7}.Release|Any CPU.ActiveCfg = Release|Any CPU
		{99F65090-F102-43F3-91A0-12C20C9482B7}.Release|Any CPU.Build.0 = Release|Any CPU
		{E8DC2748-3BF0-43BF-87BA-986631DA2EAC}.Debug|Any CPU.ActiveCfg = Debug|Any CPU
		{E8DC2748-3BF0-43BF-87BA-986631DA2EAC}.Debug|Any CPU.Build.0 = Debug|Any CPU
		{E8DC2748-3BF0-43BF-87BA-986631DA2EAC}.Release|Any CPU.ActiveCfg = Release|Any CPU
		{E8DC2748-3BF0-43BF-87BA-986631DA2EAC}.Release|Any CPU.Build.0 = Release|Any CPU
		{D17AA35E-4791-48A9-B85E-9101A180E721}.Debug|Any CPU.ActiveCfg = Debug|Any CPU
		{D17AA35E-4791-48A9-B85E-9101A180E721}.Debug|Any CPU.Build.0 = Debug|Any CPU
		{D17AA35E-4791-48A9-B85E-9101A180E721}.Release|Any CPU.ActiveCfg = Release|Any CPU
		{D17AA35E-4791-48A9-B85E-9101A180E721}.Release|Any CPU.Build.0 = Release|Any CPU
		{456EC7C8-D9A7-473A-989A-EA12CF1FE897}.Debug|Any CPU.ActiveCfg = Debug|Any CPU
		{456EC7C8-D9A7-473A-989A-EA12CF1FE897}.Debug|Any CPU.Build.0 = Debug|Any CPU
		{456EC7C8-D9A7-473A-989A-EA12CF1FE897}.Release|Any CPU.ActiveCfg = Release|Any CPU
		{456EC7C8-D9A7-473A-989A-EA12CF1FE897}.Release|Any CPU.Build.0 = Release|Any CPU
		{231E5F37-F1D9-4B5F-8C26-FC9AFC8A862D}.Debug|Any CPU.ActiveCfg = Debug|Any CPU
		{231E5F37-F1D9-4B5F-8C26-FC9AFC8A862D}.Debug|Any CPU.Build.0 = Debug|Any CPU
		{231E5F37-F1D9-4B5F-8C26-FC9AFC8A862D}.Release|Any CPU.ActiveCfg = Release|Any CPU
		{231E5F37-F1D9-4B5F-8C26-FC9AFC8A862D}.Release|Any CPU.Build.0 = Release|Any CPU
		{CD798786-C190-4AF7-87D1-8807661EFAA8}.Debug|Any CPU.ActiveCfg = Debug|Any CPU
		{CD798786-C190-4AF7-87D1-8807661EFAA8}.Debug|Any CPU.Build.0 = Debug|Any CPU
		{CD798786-C190-4AF7-87D1-8807661EFAA8}.Release|Any CPU.ActiveCfg = Release|Any CPU
		{CD798786-C190-4AF7-87D1-8807661EFAA8}.Release|Any CPU.Build.0 = Release|Any CPU
		{EAF20E9C-5535-4B69-A69E-BC2B8594B724}.Debug|Any CPU.ActiveCfg = Debug|Any CPU
		{EAF20E9C-5535-4B69-A69E-BC2B8594B724}.Debug|Any CPU.Build.0 = Debug|Any CPU
		{EAF20E9C-5535-4B69-A69E-BC2B8594B724}.Release|Any CPU.ActiveCfg = Release|Any CPU
		{EAF20E9C-5535-4B69-A69E-BC2B8594B724}.Release|Any CPU.Build.0 = Release|Any CPU
		{24FF342F-CAC7-431F-B43D-52E84900EB15}.Debug|Any CPU.ActiveCfg = Debug|Any CPU
		{24FF342F-CAC7-431F-B43D-52E84900EB15}.Debug|Any CPU.Build.0 = Debug|Any CPU
		{24FF342F-CAC7-431F-B43D-52E84900EB15}.Release|Any CPU.ActiveCfg = Release|Any CPU
		{24FF342F-CAC7-431F-B43D-52E84900EB15}.Release|Any CPU.Build.0 = Release|Any CPU
		{C75874ED-96AE-4D97-9BB2-D011C7CCDEE7}.Debug|Any CPU.ActiveCfg = Debug|Any CPU
		{C75874ED-96AE-4D97-9BB2-D011C7CCDEE7}.Debug|Any CPU.Build.0 = Debug|Any CPU
		{C75874ED-96AE-4D97-9BB2-D011C7CCDEE7}.Release|Any CPU.ActiveCfg = Release|Any CPU
		{C75874ED-96AE-4D97-9BB2-D011C7CCDEE7}.Release|Any CPU.Build.0 = Release|Any CPU
		{86127D88-7E48-49C4-83A5-89B693FF476E}.Debug|Any CPU.ActiveCfg = Debug|Any CPU
		{86127D88-7E48-49C4-83A5-89B693FF476E}.Debug|Any CPU.Build.0 = Debug|Any CPU
		{86127D88-7E48-49C4-83A5-89B693FF476E}.Release|Any CPU.ActiveCfg = Release|Any CPU
		{86127D88-7E48-49C4-83A5-89B693FF476E}.Release|Any CPU.Build.0 = Release|Any CPU
		{18247802-4537-4249-93F8-0824D3EBBAC6}.Debug|Any CPU.ActiveCfg = Debug|Any CPU
		{18247802-4537-4249-93F8-0824D3EBBAC6}.Debug|Any CPU.Build.0 = Debug|Any CPU
		{18247802-4537-4249-93F8-0824D3EBBAC6}.Release|Any CPU.ActiveCfg = Release|Any CPU
		{18247802-4537-4249-93F8-0824D3EBBAC6}.Release|Any CPU.Build.0 = Release|Any CPU
		{0BD861DC-4D6B-483E-AA6B-E5F70D9A7ECE}.Debug|Any CPU.ActiveCfg = Debug|Any CPU
		{0BD861DC-4D6B-483E-AA6B-E5F70D9A7ECE}.Debug|Any CPU.Build.0 = Debug|Any CPU
		{0BD861DC-4D6B-483E-AA6B-E5F70D9A7ECE}.Release|Any CPU.ActiveCfg = Release|Any CPU
		{0BD861DC-4D6B-483E-AA6B-E5F70D9A7ECE}.Release|Any CPU.Build.0 = Release|Any CPU
		{4668F8C1-535B-4743-8085-1E7D86D0899A}.Debug|Any CPU.ActiveCfg = Debug|Any CPU
		{4668F8C1-535B-4743-8085-1E7D86D0899A}.Debug|Any CPU.Build.0 = Debug|Any CPU
		{4668F8C1-535B-4743-8085-1E7D86D0899A}.Release|Any CPU.ActiveCfg = Release|Any CPU
		{4668F8C1-535B-4743-8085-1E7D86D0899A}.Release|Any CPU.Build.0 = Release|Any CPU
		{C983DA67-05FF-4296-A2E4-0C52506E0F2B}.Debug|Any CPU.ActiveCfg = Debug|Any CPU
		{C983DA67-05FF-4296-A2E4-0C52506E0F2B}.Debug|Any CPU.Build.0 = Debug|Any CPU
		{C983DA67-05FF-4296-A2E4-0C52506E0F2B}.Release|Any CPU.ActiveCfg = Release|Any CPU
		{C983DA67-05FF-4296-A2E4-0C52506E0F2B}.Release|Any CPU.Build.0 = Release|Any CPU
		{8CD70F7C-30EF-467A-94ED-62E14E72E120}.Debug|Any CPU.ActiveCfg = Debug|Any CPU
		{8CD70F7C-30EF-467A-94ED-62E14E72E120}.Debug|Any CPU.Build.0 = Debug|Any CPU
		{8CD70F7C-30EF-467A-94ED-62E14E72E120}.Release|Any CPU.ActiveCfg = Release|Any CPU
		{8CD70F7C-30EF-467A-94ED-62E14E72E120}.Release|Any CPU.Build.0 = Release|Any CPU
		{242D09A4-E2E1-4E67-9AB3-C0312A97001E}.Debug|Any CPU.ActiveCfg = Debug|Any CPU
		{242D09A4-E2E1-4E67-9AB3-C0312A97001E}.Debug|Any CPU.Build.0 = Debug|Any CPU
		{242D09A4-E2E1-4E67-9AB3-C0312A97001E}.Release|Any CPU.ActiveCfg = Release|Any CPU
		{242D09A4-E2E1-4E67-9AB3-C0312A97001E}.Release|Any CPU.Build.0 = Release|Any CPU
	EndGlobalSection
	GlobalSection(SolutionProperties) = preSolution
		HideSolutionNode = FALSE
	EndGlobalSection
	GlobalSection(NestedProjects) = preSolution
		{E8DC2748-3BF0-43BF-87BA-986631DA2EAC} = {C27D8C68-2FD3-4384-9374-8A3DBB173C62}
		{D17AA35E-4791-48A9-B85E-9101A180E721} = {C27D8C68-2FD3-4384-9374-8A3DBB173C62}
		{24FF342F-CAC7-431F-B43D-52E84900EB15} = {4D78C9CC-ED1C-4656-AA87-220027DED0C2}
		{242D09A4-E2E1-4E67-9AB3-C0312A97001E} = {FEE266AE-AF1B-4E85-BC50-A899EBBD92E9}
	EndGlobalSection
	GlobalSection(ExtensibilityGlobals) = postSolution
		SolutionGuid = {52C1B324-2EEC-45C2-9EEB-A6F2531A19CB}
	EndGlobalSection
EndGlobal
