
Microsoft Visual Studio Solution File, Format Version 12.00
# Visual Studio Version 17
VisualStudioVersion = 17.6.33717.318
MinimumVisualStudioVersion = 10.0.40219.1
Project("{9A19103F-16F7-4668-BE54-9A1E7A4F7556}") = "ReSharper", "ReSharper\ReSharper.csproj", "{B3241BBC-9AD6-4AC5-BE2D-1D1643225284}"
EndProject
Project("{FAE04EC0-301F-11D3-BF4B-00C04F79EFBC}") = "ConfigFile", "ConfigFile\ConfigFile.csproj", "{99F65090-F102-43F3-91A0-12C20C9482B7}"
EndProject
Project("{2150E333-8FDC-42A3-9474-1A3956D46DE8}") = "TaskToSignAssembly", "TaskToSignAssembly", "{C27D8C68-2FD3-4384-9374-8A3DBB173C62}"
EndProject
Project("{FAE04EC0-301F-11D3-BF4B-00C04F79EFBC}") = "Library", "Library\Library.csproj", "{E8DC2748-3BF0-43BF-87BA-986631DA2EAC}"
EndProject
Project("{FAE04EC0-301F-11D3-BF4B-00C04F79EFBC}") = "MyProgram", "MyProgram\MyProgram.csproj", "{D17AA35E-4791-48A9-B85E-9101A180E721}"
EndProject
Project("{FAE04EC0-301F-11D3-BF4B-00C04F79EFBC}") = "BuildEvents", "BuildEvents\BuildEvents.csproj", "{456EC7C8-D9A7-473A-989A-EA12CF1FE897}"
EndProject
Global
	GlobalSection(SolutionConfigurationPlatforms) = preSolution
		Debug|Any CPU = Debug|Any CPU
		Release|Any CPU = Release|Any CPU
	EndGlobalSection
	GlobalSection(ProjectConfigurationPlatforms) = postSolution
		{B3241BBC-9AD6-4AC5-BE2D-1D1643225284}.Debug|Any CPU.ActiveCfg = Debug|Any CPU
		{B3241BBC-9AD6-4AC5-BE2D-1D1643225284}.Debug|Any CPU.Build.0 = Debug|Any CPU
		{B3241BBC-9AD6-4AC5-BE2D-1D1643225284}.Release|Any CPU.ActiveCfg = Release|Any CPU
		{B3241BBC-9AD6-4AC5-BE2D-1D1643225284}.Release|Any CPU.Build.0 = Release|Any CPU
		{99F65090-F102-43F3-91A0-12C20C9482B7}.Debug|Any CPU.ActiveCfg = Debug|Any CPU
		{99F65090-F102-43F3-91A0-12C20C9482B7}.Debug|Any CPU.Build.0 = Debug|Any CPU
		{99F65090-F102-43F3-91A0-12C20C9482B7}.Release|Any CPU.ActiveCfg = Release|Any CPU
		{99F65090-F102-43F3-91A0-12C20C9482B7}.Release|Any CPU.Build.0 = Release|Any CPU
		{E8DC2748-3BF0-43BF-87BA-986631DA2EAC}.Debug|Any CPU.ActiveCfg = Debug|Any CPU
		{E8DC2748-3BF0-43BF-87BA-986631DA2EAC}.Debug|Any CPU.Build.0 = Debug|Any CPU
		{E8DC2748-3BF0-43BF-87BA-986631DA2EAC}.Release|Any CPU.ActiveCfg = Release|Any CPU
		{E8DC2748-3BF0-43BF-87BA-986631DA2EAC}.Release|Any CPU.Build.0 = Release|Any CPU
		{D17AA35E-4791-48A9-B85E-9101A180E721}.Debug|Any CPU.ActiveCfg = Debug|Any CPU
		{D17AA35E-4791-48A9-B85E-9101A180E721}.Debug|Any CPU.Build.0 = Debug|Any CPU
		{D17AA35E-4791-48A9-B85E-9101A180E721}.Release|Any CPU.ActiveCfg = Release|Any CPU
		{D17AA35E-4791-48A9-B85E-9101A180E721}.Release|Any CPU.Build.0 = Release|Any CPU
		{456EC7C8-D9A7-473A-989A-EA12CF1FE897}.Debug|Any CPU.ActiveCfg = Debug|Any CPU
		{456EC7C8-D9A7-473A-989A-EA12CF1FE897}.Debug|Any CPU.Build.0 = Debug|Any CPU
		{456EC7C8-D9A7-473A-989A-EA12CF1FE897}.Release|Any CPU.ActiveCfg = Release|Any CPU
		{456EC7C8-D9A7-473A-989A-EA12CF1FE897}.Release|Any CPU.Build.0 = Release|Any CPU
	EndGlobalSection
	GlobalSection(SolutionProperties) = preSolution
		HideSolutionNode = FALSE
	EndGlobalSection
	GlobalSection(NestedProjects) = preSolution
		{E8DC2748-3BF0-43BF-87BA-986631DA2EAC} = {C27D8C68-2FD3-4384-9374-8A3DBB173C62}
		{D17AA35E-4791-48A9-B85E-9101A180E721} = {C27D8C68-2FD3-4384-9374-8A3DBB173C62}
	EndGlobalSection
	GlobalSection(ExtensibilityGlobals) = postSolution
		SolutionGuid = {52C1B324-2EEC-45C2-9EEB-A6F2531A19CB}
	EndGlobalSection
EndGlobal
